{
  "name": "mongodbaggregate",
  "version": "1.0.0",
  "lockfileVersion": 1,
  "requires": true,
  "dependencies": {
    "@types/cross-spawn": {
      "version": "6.0.1",
      "resolved": "https://registry.npmjs.org/@types/cross-spawn/-/cross-spawn-6.0.1.tgz",
      "integrity": "sha512-MtN1pDYdI6D6QFDzy39Q+6c9rl2o/xN7aWGe6oZuzqq5N6+YuwFsWiEAv3dNzvzN9YzU+itpN8lBzFpphQKLAw==",
      "requires": {
        "@types/node": "*"
      }
    },
    "@types/debug": {
      "version": "4.1.5",
      "resolved": "https://registry.npmjs.org/@types/debug/-/debug-4.1.5.tgz",
      "integrity": "sha512-Q1y515GcOdTHgagaVFhHnIFQ38ygs/kmxdNpvpou+raI9UO3YZcHDngBSYKQklcKlvA7iuQlmIKbzvmxcOE9CQ=="
    },
    "@types/dedent": {
      "version": "0.7.0",
      "resolved": "https://registry.npmjs.org/@types/dedent/-/dedent-0.7.0.tgz",
      "integrity": "sha512-EGlKlgMhnLt/cM4DbUSafFdrkeJoC9Mvnj0PUCU7tFmTjMjNRT957kXCx0wYm3JuEq4o4ZsS5vG+NlkM2DMd2A=="
    },
    "@types/find-cache-dir": {
      "version": "3.2.0",
      "resolved": "https://registry.npmjs.org/@types/find-cache-dir/-/find-cache-dir-3.2.0.tgz",
      "integrity": "sha512-+JeT9qb2Jwzw72WdjU+TSvD5O1QRPWCeRpDJV+guiIq+2hwR0DFGw+nZNbTFjMIVe6Bf4GgAKeB/6Ytx6+MbeQ=="
    },
    "@types/find-package-json": {
      "version": "1.1.1",
      "resolved": "https://registry.npmjs.org/@types/find-package-json/-/find-package-json-1.1.1.tgz",
      "integrity": "sha512-XMCocYkg6VUpkbOQMKa3M5cgc3MvU/LJKQwd3VUJrWZbLr2ARUggupsCAF8DxjEEIuSO6HlnH+vl+XV4bgVeEQ==",
      "requires": {
        "@types/node": "*"
      }
    },
    "@types/get-port": {
      "version": "4.2.0",
      "resolved": "https://registry.npmjs.org/@types/get-port/-/get-port-4.2.0.tgz",
      "integrity": "sha512-Iv2FAb5RnIk/eFO2CTu8k+0VMmIR15pKbcqRWi+s3ydW+aKXlN2yemP92SrO++ERyJx+p6Ie1ggbLBMbU1SjiQ==",
      "requires": {
        "get-port": "*"
      }
    },
    "@types/lockfile": {
      "version": "1.0.1",
      "resolved": "https://registry.npmjs.org/@types/lockfile/-/lockfile-1.0.1.tgz",
      "integrity": "sha512-65WZedEm4AnOsBDdsapJJG42MhROu3n4aSSiu87JXF/pSdlubxZxp3S1yz3kTfkJ2KBPud4CpjoHVAptOm9Zmw=="
    },
    "@types/md5-file": {
      "version": "4.0.1",
      "resolved": "https://registry.npmjs.org/@types/md5-file/-/md5-file-4.0.1.tgz",
      "integrity": "sha512-uK6vlo/LJp6iNWinpSzZwMe8Auzs0UYxesm7OGfQS3oz6PJciHtrKcqVOGk4wjYKawrl234vwNWvHyXH1ZzRyQ=="
    },
    "@types/mkdirp": {
      "version": "1.0.0",
      "resolved": "https://registry.npmjs.org/@types/mkdirp/-/mkdirp-1.0.0.tgz",
      "integrity": "sha512-ONFY9//bCEr3DWKON3iDv/Q8LXnhaYYaNDeFSN0AtO5o4sLf9F0pstJKKKjQhXE0kJEeHs8eR6SAsROhhc2Csw==",
      "requires": {
        "@types/node": "*"
      }
    },
    "@types/node": {
      "version": "12.12.31",
      "resolved": "https://registry.npmjs.org/@types/node/-/node-12.12.31.tgz",
      "integrity": "sha512-T+wnJno8uh27G9c+1T+a1/WYCHzLeDqtsGJkoEdSp2X8RTh3oOCZQcUnjAx90CS8cmmADX51O0FI/tu9s0yssg=="
    },
    "@types/tmp": {
      "version": "0.1.0",
      "resolved": "https://registry.npmjs.org/@types/tmp/-/tmp-0.1.0.tgz",
      "integrity": "sha512-6IwZ9HzWbCq6XoQWhxLpDjuADodH/MKXRUIDFudvgjcVdjFknvmR+DNsoUeer4XPrEnrZs04Jj+kfV9pFsrhmA=="
    },
    "@types/uuid": {
      "version": "7.0.0",
      "resolved": "https://registry.npmjs.org/@types/uuid/-/uuid-7.0.0.tgz",
      "integrity": "sha512-RiX1I0lK9WFLFqy2xOxke396f0wKIzk5sAll0tL4J4XDYJXURI7JOs96XQb3nP+2gEpQ/LutBb66jgiT5oQshQ=="
    },
    "agent-base": {
      "version": "6.0.0",
      "resolved": "https://registry.npmjs.org/agent-base/-/agent-base-6.0.0.tgz",
      "integrity": "sha512-j1Q7cSCqN+AwrmDd+pzgqc0/NpC655x2bUf5ZjRIO77DcNBFmh+OgRNzF6OKdCC9RSCb19fGd99+bhXFdkRNqw==",
      "requires": {
        "debug": "4"
      }
    },
    "balanced-match": {
      "version": "1.0.0",
      "resolved": "https://registry.npmjs.org/balanced-match/-/balanced-match-1.0.0.tgz",
      "integrity": "sha1-ibTRmasr7kneFk6gK4nORi1xt2c="
    },
    "base64-js": {
      "version": "1.3.1",
      "resolved": "https://registry.npmjs.org/base64-js/-/base64-js-1.3.1.tgz",
      "integrity": "sha512-mLQ4i2QO1ytvGWFWmcngKO//JXAQueZvwEKtjgQFM4jIK0kU+ytMfplL8j+n5mspOfjHwoAg+9yhb7BwAHm36g=="
    },
    "bl": {
      "version": "2.2.0",
      "resolved": "https://registry.npmjs.org/bl/-/bl-2.2.0.tgz",
      "integrity": "sha512-wbgvOpqopSr7uq6fJrLH8EsvYMJf9gzfo2jCsL2eTy75qXPukA4pCgHamOQkZtY5vmfVtjB+P3LNlMHW5CEZXA==",
      "requires": {
        "readable-stream": "^2.3.5",
        "safe-buffer": "^5.1.1"
      }
    },
    "brace-expansion": {
      "version": "1.1.11",
      "resolved": "https://registry.npmjs.org/brace-expansion/-/brace-expansion-1.1.11.tgz",
      "integrity": "sha512-iCuPHDFgrHX7H2vEI/5xpz07zSHB00TpugqhmYtVmMO6518mCuRMoOYFldEBl0g187ufozdaHgWKcYFb61qGiA==",
      "requires": {
        "balanced-match": "^1.0.0",
        "concat-map": "0.0.1"
      }
    },
    "bson": {
      "version": "1.1.4",
      "resolved": "https://registry.npmjs.org/bson/-/bson-1.1.4.tgz",
      "integrity": "sha512-S/yKGU1syOMzO86+dGpg2qGoDL0zvzcb262G+gqEy6TgP6rt6z6qxSFX/8X6vLC91P7G7C3nLs0+bvDzmvBA3Q=="
    },
    "buffer": {
      "version": "5.5.0",
      "resolved": "https://registry.npmjs.org/buffer/-/buffer-5.5.0.tgz",
      "integrity": "sha512-9FTEDjLjwoAkEwyMGDjYJQN2gfRgOKBKRfiglhvibGbpeeU/pQn1bJxQqm32OD/AIeEuHxU9roxXxg34Byp/Ww==",
      "requires": {
        "base64-js": "^1.0.2",
        "ieee754": "^1.1.4"
      }
    },
    "buffer-crc32": {
      "version": "0.2.13",
      "resolved": "https://registry.npmjs.org/buffer-crc32/-/buffer-crc32-0.2.13.tgz",
      "integrity": "sha1-DTM+PwDqxQqhRUq9MO+MKl2ackI="
    },
    "camelcase": {
      "version": "5.3.1",
      "resolved": "https://registry.npmjs.org/camelcase/-/camelcase-5.3.1.tgz",
      "integrity": "sha512-L28STB170nwWS63UjtlEOE3dldQApaJXZkOI1uMFfzf3rRuPegHaHesyee+YxQ+W6SvRDQV6UrdOdRiR153wJg=="
    },
    "commondir": {
      "version": "1.0.1",
      "resolved": "https://registry.npmjs.org/commondir/-/commondir-1.0.1.tgz",
      "integrity": "sha1-3dgA2gxmEnOTzKWVDqloo6rxJTs="
    },
    "concat-map": {
      "version": "0.0.1",
      "resolved": "https://registry.npmjs.org/concat-map/-/concat-map-0.0.1.tgz",
      "integrity": "sha1-2Klr13/Wjfd5OnMDajug1UBdR3s="
    },
    "core-util-is": {
      "version": "1.0.2",
      "resolved": "https://registry.npmjs.org/core-util-is/-/core-util-is-1.0.2.tgz",
      "integrity": "sha1-tf1UIgqivFq1eqtxQMlAdUUDwac="
    },
    "cross-spawn": {
      "version": "7.0.1",
      "resolved": "https://registry.npmjs.org/cross-spawn/-/cross-spawn-7.0.1.tgz",
      "integrity": "sha512-u7v4o84SwFpD32Z8IIcPZ6z1/ie24O6RU3RbtL5Y316l3KuHVPx9ItBgWQ6VlfAFnRnTtMUrsQ9MUUTuEZjogg==",
      "requires": {
        "path-key": "^3.1.0",
        "shebang-command": "^2.0.0",
        "which": "^2.0.1"
      }
    },
    "debug": {
      "version": "4.1.1",
      "resolved": "https://registry.npmjs.org/debug/-/debug-4.1.1.tgz",
      "integrity": "sha512-pYAIzeRo8J6KPEaJ0VWOh5Pzkbw/RetuzehGM7QRRX5he4fPHx2rdKMB256ehJCkX+XRQm16eZLqLNS8RSZXZw==",
      "requires": {
        "ms": "^2.1.1"
      }
    },
    "dedent": {
      "version": "0.7.0",
      "resolved": "https://registry.npmjs.org/dedent/-/dedent-0.7.0.tgz",
      "integrity": "sha1-JJXduvbrh0q7Dhvp3yLS5aVEMmw="
    },
    "denque": {
      "version": "1.4.1",
      "resolved": "https://registry.npmjs.org/denque/-/denque-1.4.1.tgz",
      "integrity": "sha512-OfzPuSZKGcgr96rf1oODnfjqBFmr1DVoc/TrItj3Ohe0Ah1C5WX5Baquw/9U9KovnQ88EqmJbD66rKYUQYN1tQ=="
    },
    "end-of-stream": {
      "version": "1.4.4",
      "resolved": "https://registry.npmjs.org/end-of-stream/-/end-of-stream-1.4.4.tgz",
      "integrity": "sha512-+uw1inIHVPQoaVuHzRyXd21icM+cnt4CzD5rW+NC1wjOUSTOs+Te7FOv7AhN7vS9x/oIyhLP5PR1H+phQAHu5Q==",
      "requires": {
        "once": "^1.4.0"
      }
    },
    "fd-slicer": {
      "version": "1.1.0",
      "resolved": "https://registry.npmjs.org/fd-slicer/-/fd-slicer-1.1.0.tgz",
      "integrity": "sha1-JcfInLH5B3+IkbvmHY85Dq4lbx4=",
      "requires": {
        "pend": "~1.2.0"
      }
    },
    "find-cache-dir": {
      "version": "3.3.1",
      "resolved": "https://registry.npmjs.org/find-cache-dir/-/find-cache-dir-3.3.1.tgz",
      "integrity": "sha512-t2GDMt3oGC/v+BMwzmllWDuJF/xcDtE5j/fCGbqDD7OLuJkj0cfh1YSA5VKPvwMeLFLNDBkwOKZ2X85jGLVftQ==",
      "requires": {
        "commondir": "^1.0.1",
        "make-dir": "^3.0.2",
        "pkg-dir": "^4.1.0"
      }
    },
    "find-package-json": {
      "version": "1.2.0",
      "resolved": "https://registry.npmjs.org/find-package-json/-/find-package-json-1.2.0.tgz",
      "integrity": "sha512-+SOGcLGYDJHtyqHd87ysBhmaeQ95oWspDKnMXBrnQ9Eq4OkLNqejgoaD8xVWu6GPa0B6roa6KinCMEMcVeqONw=="
    },
    "find-up": {
      "version": "4.1.0",
      "resolved": "https://registry.npmjs.org/find-up/-/find-up-4.1.0.tgz",
      "integrity": "sha512-PpOwAdQ/YlXQ2vj8a3h8IipDuYRi3wceVQQGYWxNINccq40Anw7BlsEXCMbt1Zt+OLA6Fq9suIpIWD0OsnISlw==",
      "requires": {
        "locate-path": "^5.0.0",
        "path-exists": "^4.0.0"
      }
    },
    "fs-constants": {
      "version": "1.0.0",
      "resolved": "https://registry.npmjs.org/fs-constants/-/fs-constants-1.0.0.tgz",
      "integrity": "sha512-y6OAwoSIf7FyjMIv94u+b5rdheZEjzR63GTyZJm5qh4Bi+2YgwLCcI/fPFZkL5PSixOt6ZNKm+w+Hfp/Bciwow=="
    },
    "fs.realpath": {
      "version": "1.0.0",
      "resolved": "https://registry.npmjs.org/fs.realpath/-/fs.realpath-1.0.0.tgz",
      "integrity": "sha1-FQStJSMVjKpA20onh8sBQRmU6k8="
    },
    "get-port": {
      "version": "5.1.1",
      "resolved": "https://registry.npmjs.org/get-port/-/get-port-5.1.1.tgz",
      "integrity": "sha512-g/Q1aTSDOxFpchXC4i8ZWvxA1lnPqx/JHqcpIw0/LX9T8x/GBbi6YnlN5nhaKIFkT8oFsscUKgDJYxfwfS6QsQ=="
    },
    "glob": {
      "version": "7.1.6",
      "resolved": "https://registry.npmjs.org/glob/-/glob-7.1.6.tgz",
      "integrity": "sha512-LwaxwyZ72Lk7vZINtNNrywX0ZuLyStrdDtabefZKAY5ZGJhVtgdznluResxNmPitE0SAO+O26sWTHeKSI2wMBA==",
      "requires": {
        "fs.realpath": "^1.0.0",
        "inflight": "^1.0.4",
        "inherits": "2",
        "minimatch": "^3.0.4",
        "once": "^1.3.0",
        "path-is-absolute": "^1.0.0"
      }
    },
    "https-proxy-agent": {
      "version": "5.0.0",
      "resolved": "https://registry.npmjs.org/https-proxy-agent/-/https-proxy-agent-5.0.0.tgz",
      "integrity": "sha512-EkYm5BcKUGiduxzSt3Eppko+PiNWNEpa4ySk9vTC6wDsQJW9rHSa+UhGNJoRYp7bz6Ht1eaRIa6QaJqO5rCFbA==",
      "requires": {
        "agent-base": "6",
        "debug": "4"
      }
    },
    "ieee754": {
      "version": "1.1.13",
      "resolved": "https://registry.npmjs.org/ieee754/-/ieee754-1.1.13.tgz",
      "integrity": "sha512-4vf7I2LYV/HaWerSo3XmlMkp5eZ83i+/CDluXi/IGTs/O1sejBNhTtnxzmRZfvOUqj7lZjqHkeTvpgSFDlWZTg=="
    },
    "inflight": {
      "version": "1.0.6",
      "resolved": "https://registry.npmjs.org/inflight/-/inflight-1.0.6.tgz",
      "integrity": "sha1-Sb1jMdfQLQwJvJEKEHW6gWW1bfk=",
      "requires": {
        "once": "^1.3.0",
        "wrappy": "1"
      }
    },
    "inherits": {
      "version": "2.0.4",
      "resolved": "https://registry.npmjs.org/inherits/-/inherits-2.0.4.tgz",
      "integrity": "sha512-k/vGaX4/Yla3WzyMCvTQOXYeIHvqOKtnqBduzTHpzpQZzAskKMhZ2K+EnBiSM9zGSoIFeMpXKxa4dYeZIQqewQ=="
    },
    "isarray": {
      "version": "1.0.0",
      "resolved": "https://registry.npmjs.org/isarray/-/isarray-1.0.0.tgz",
      "integrity": "sha1-u5NdSFgsuhaMBoNJV6VKPgcSTxE="
    },
    "isexe": {
      "version": "2.0.0",
      "resolved": "https://registry.npmjs.org/isexe/-/isexe-2.0.0.tgz",
      "integrity": "sha1-6PvzdNxVb/iUehDcsFctYz8s+hA="
    },
    "locate-path": {
      "version": "5.0.0",
      "resolved": "https://registry.npmjs.org/locate-path/-/locate-path-5.0.0.tgz",
      "integrity": "sha512-t7hw9pI+WvuwNJXwk5zVHpyhIqzg2qTlklJOf0mVxGSbe3Fp2VieZcduNYjaLDoy6p9uGpQEGWG87WpMKlNq8g==",
      "requires": {
        "p-locate": "^4.1.0"
      }
    },
    "lockfile": {
      "version": "1.0.4",
      "resolved": "https://registry.npmjs.org/lockfile/-/lockfile-1.0.4.tgz",
      "integrity": "sha512-cvbTwETRfsFh4nHsL1eGWapU1XFi5Ot9E85sWAwia7Y7EgB7vfqcZhTKZ+l7hCGxSPoushMv5GKhT5PdLv03WA==",
      "requires": {
        "signal-exit": "^3.0.2"
      }
    },
    "make-dir": {
      "version": "3.0.2",
      "resolved": "https://registry.npmjs.org/make-dir/-/make-dir-3.0.2.tgz",
      "integrity": "sha512-rYKABKutXa6vXTXhoV18cBE7PaewPXHe/Bdq4v+ZLMhxbWApkFFplT0LcbMW+6BbjnQXzZ/sAvSE/JdguApG5w==",
      "requires": {
        "semver": "^6.0.0"
      },
      "dependencies": {
        "semver": {
          "version": "6.3.0",
          "resolved": "https://registry.npmjs.org/semver/-/semver-6.3.0.tgz",
          "integrity": "sha512-b39TBaTSfV6yBrapU89p5fKekE2m/NwnDocOVruQFS1/veMgdzuPcnOM34M6CwxW8jH/lxEa5rBoDeUwu5HHTw=="
        }
      }
    },
    "md5-file": {
      "version": "4.0.0",
      "resolved": "https://registry.npmjs.org/md5-file/-/md5-file-4.0.0.tgz",
      "integrity": "sha512-UC0qFwyAjn4YdPpKaDNw6gNxRf7Mcx7jC1UGCY4boCzgvU2Aoc1mOGzTtrjjLKhM5ivsnhoKpQVxKPp+1j1qwg=="
    },
    "memory-pager": {
      "version": "1.5.0",
      "resolved": "https://registry.npmjs.org/memory-pager/-/memory-pager-1.5.0.tgz",
      "integrity": "sha512-ZS4Bp4r/Zoeq6+NLJpP+0Zzm0pR8whtGPf1XExKLJBAczGMnSi3It14OiNCStjQjM6NU1okjQGSxgEZN8eBYKg==",
      "optional": true
    },
    "microseconds": {
      "version": "0.2.0",
      "resolved": "https://registry.npmjs.org/microseconds/-/microseconds-0.2.0.tgz",
      "integrity": "sha512-n7DHHMjR1avBbSpsTBj6fmMGh2AGrifVV4e+WYc3Q9lO+xnSZ3NyhcBND3vzzatt05LFhoKFRxrIyklmLlUtyA=="
    },
    "minimatch": {
      "version": "3.0.4",
      "resolved": "https://registry.npmjs.org/minimatch/-/minimatch-3.0.4.tgz",
      "integrity": "sha512-yJHVQEhyqPLUTgt9B83PXu6W3rx4MvvHvSUvToogpwoGDOUQ+yDrR0HRot+yOCdCO7u4hX3pWft6kWBBcqh0UA==",
      "requires": {
        "brace-expansion": "^1.1.7"
      }
    },
    "mkdirp": {
      "version": "1.0.3",
      "resolved": "https://registry.npmjs.org/mkdirp/-/mkdirp-1.0.3.tgz",
      "integrity": "sha512-6uCP4Qc0sWsgMLy1EOqqS/3rjDHOEnsStVr/4vtAIK2Y5i2kA7lFFejYrpIyiN9w0pYf4ckeCYT9f1r1P9KX5g=="
    },
    "mongodb": {
      "version": "3.5.5",
      "resolved": "https://registry.npmjs.org/mongodb/-/mongodb-3.5.5.tgz",
      "integrity": "sha512-GCjDxR3UOltDq00Zcpzql6dQo1sVry60OXJY3TDmFc2SWFY6c8Gn1Ardidc5jDirvJrx2GC3knGOImKphbSL3A==",
      "requires": {
        "bl": "^2.2.0",
        "bson": "^1.1.1",
        "denque": "^1.4.1",
        "require_optional": "^1.0.1",
        "safe-buffer": "^5.1.2",
        "saslprep": "^1.0.0"
      }
    },
    "mongodb-memory-server": {
      "version": "6.5.0",
      "resolved": "https://registry.npmjs.org/mongodb-memory-server/-/mongodb-memory-server-6.5.0.tgz",
      "integrity": "sha512-AJj8Z01XoB4yD7vH2SRSOmTuxsuswXblOgjLNs7/vReeiuX67fcz2ZSC8EsncqBSX1PhsUdeAFoRfwvBCqzkjA==",
      "requires": {
        "mongodb-memory-server-core": "6.5.0"
      }
    },
    "mongodb-memory-server-core": {
      "version": "6.5.0",
      "resolved": "https://registry.npmjs.org/mongodb-memory-server-core/-/mongodb-memory-server-core-6.5.0.tgz",
      "integrity": "sha512-plvQqsl0lXe4tK8znoICsXUfKhPU46jSMfr3gGYcVHrBAphdeI+cDtP3Q/GOt+vgYnng9Sb+XexjepC0MMW5fA==",
      "requires": {
        "@types/cross-spawn": "^6.0.1",
        "@types/debug": "^4.1.5",
        "@types/dedent": "^0.7.0",
        "@types/find-cache-dir": "^3.2.0",
        "@types/find-package-json": "^1.1.1",
        "@types/get-port": "^4.0.1",
        "@types/lockfile": "^1.0.1",
        "@types/md5-file": "^4.0.1",
        "@types/mkdirp": "^1.0.0",
        "@types/tmp": "0.1.0",
        "@types/uuid": "7.0.0",
        "camelcase": "^5.3.1",
        "cross-spawn": "^7.0.1",
        "debug": "^4.1.1",
        "dedent": "^0.7.0",
        "find-cache-dir": "3.3.1",
        "find-package-json": "^1.2.0",
        "get-port": "5.1.1",
        "https-proxy-agent": "5.0.0",
        "lockfile": "^1.0.4",
        "md5-file": "^4.0.0",
        "mkdirp": "^1.0.3",
        "mongodb": "^3.5.4",
        "tar-stream": "^2.1.1",
        "tmp": "^0.1.0",
        "uuid": "^7.0.2",
        "yauzl": "^2.10.0"
      }
    },
    "ms": {
      "version": "2.1.2",
      "resolved": "https://registry.npmjs.org/ms/-/ms-2.1.2.tgz",
      "integrity": "sha512-sGkPx+VjMtmA6MX27oA4FBFELFCZZ4S4XqeGOXCv68tT+jb3vk/RyaKWP0PTKyWtmLSM0b+adUTEvbs1PEaH2w=="
    },
    "once": {
      "version": "1.4.0",
      "resolved": "https://registry.npmjs.org/once/-/once-1.4.0.tgz",
      "integrity": "sha1-WDsap3WWHUsROsF9nFC6753Xa9E=",
      "requires": {
        "wrappy": "1"
      }
    },
    "p-limit": {
      "version": "2.2.2",
      "resolved": "https://registry.npmjs.org/p-limit/-/p-limit-2.2.2.tgz",
      "integrity": "sha512-WGR+xHecKTr7EbUEhyLSh5Dube9JtdiG78ufaeLxTgpudf/20KqyMioIUZJAezlTIi6evxuoUs9YXc11cU+yzQ==",
      "requires": {
        "p-try": "^2.0.0"
      }
    },
    "p-locate": {
      "version": "4.1.0",
      "resolved": "https://registry.npmjs.org/p-locate/-/p-locate-4.1.0.tgz",
      "integrity": "sha512-R79ZZ/0wAxKGu3oYMlz8jy/kbhsNrS7SKZ7PxEHBgJ5+F2mtFW2fK2cOtBh1cHYkQsbzFV7I+EoRKe6Yt0oK7A==",
      "requires": {
        "p-limit": "^2.2.0"
      }
    },
    "p-try": {
      "version": "2.2.0",
      "resolved": "https://registry.npmjs.org/p-try/-/p-try-2.2.0.tgz",
      "integrity": "sha512-R4nPAVTAU0B9D35/Gk3uJf/7XYbQcyohSKdvAxIRSNghFl4e71hVoGnBNQz9cWaXxO2I10KTC+3jMdvvoKw6dQ=="
    },
    "path-exists": {
      "version": "4.0.0",
      "resolved": "https://registry.npmjs.org/path-exists/-/path-exists-4.0.0.tgz",
      "integrity": "sha512-ak9Qy5Q7jYb2Wwcey5Fpvg2KoAc/ZIhLSLOSBmRmygPsGwkVVt0fZa0qrtMz+m6tJTAHfZQ8FnmB4MG4LWy7/w=="
    },
    "path-is-absolute": {
      "version": "1.0.1",
      "resolved": "https://registry.npmjs.org/path-is-absolute/-/path-is-absolute-1.0.1.tgz",
      "integrity": "sha1-F0uSaHNVNP+8es5r9TpanhtcX18="
    },
    "path-key": {
      "version": "3.1.1",
      "resolved": "https://registry.npmjs.org/path-key/-/path-key-3.1.1.tgz",
      "integrity": "sha512-ojmeN0qd+y0jszEtoY48r0Peq5dwMEkIlCOu6Q5f41lfkswXuKtYrhgoTpLnyIcHm24Uhqx+5Tqm2InSwLhE6Q=="
    },
    "pend": {
      "version": "1.2.0",
      "resolved": "https://registry.npmjs.org/pend/-/pend-1.2.0.tgz",
      "integrity": "sha1-elfrVQpng/kRUzH89GY9XI4AelA="
    },
    "pkg-dir": {
      "version": "4.2.0",
      "resolved": "https://registry.npmjs.org/pkg-dir/-/pkg-dir-4.2.0.tgz",
      "integrity": "sha512-HRDzbaKjC+AOWVXxAU/x54COGeIv9eb+6CkDSQoNTt4XyWoIJvuPsXizxu/Fr23EiekbtZwmh1IcIG/l/a10GQ==",
      "requires": {
        "find-up": "^4.0.0"
      }
    },
    "process-nextick-args": {
      "version": "2.0.1",
      "resolved": "https://registry.npmjs.org/process-nextick-args/-/process-nextick-args-2.0.1.tgz",
      "integrity": "sha512-3ouUOpQhtgrbOa17J7+uxOTpITYWaGP7/AhoR3+A+/1e9skrzelGi/dXzEYyvbxubEF6Wn2ypscTKiKJFFn1ag=="
    },
    "readable-stream": {
      "version": "2.3.7",
      "resolved": "https://registry.npmjs.org/readable-stream/-/readable-stream-2.3.7.tgz",
      "integrity": "sha512-Ebho8K4jIbHAxnuxi7o42OrZgF/ZTNcsZj6nRKyUmkhLFq8CHItp/fy6hQZuZmP/n3yZ9VBUbp4zz/mX8hmYPw==",
      "requires": {
        "core-util-is": "~1.0.0",
        "inherits": "~2.0.3",
        "isarray": "~1.0.0",
        "process-nextick-args": "~2.0.0",
        "safe-buffer": "~5.1.1",
        "string_decoder": "~1.1.1",
        "util-deprecate": "~1.0.1"
      },
      "dependencies": {
        "safe-buffer": {
          "version": "5.1.2",
          "resolved": "https://registry.npmjs.org/safe-buffer/-/safe-buffer-5.1.2.tgz",
          "integrity": "sha512-Gd2UZBJDkXlY7GbJxfsE8/nvKkUEU1G38c1siN6QP6a9PT9MmHB8GnpscSmMJSoF8LOIrt8ud/wPtojys4G6+g=="
        }
      }
    },
    "require_optional": {
      "version": "1.0.1",
      "resolved": "https://registry.npmjs.org/require_optional/-/require_optional-1.0.1.tgz",
      "integrity": "sha512-qhM/y57enGWHAe3v/NcwML6a3/vfESLe/sGM2dII+gEO0BpKRUkWZow/tyloNqJyN6kXSl3RyyM8Ll5D/sJP8g==",
      "requires": {
        "resolve-from": "^2.0.0",
        "semver": "^5.1.0"
      }
    },
    "resolve-from": {
      "version": "2.0.0",
      "resolved": "https://registry.npmjs.org/resolve-from/-/resolve-from-2.0.0.tgz",
      "integrity": "sha1-lICrIOlP+h2egKgEx+oUdhGWa1c="
    },
    "rimraf": {
      "version": "2.7.1",
      "resolved": "https://registry.npmjs.org/rimraf/-/rimraf-2.7.1.tgz",
      "integrity": "sha512-uWjbaKIK3T1OSVptzX7Nl6PvQ3qAGtKEtVRjRuazjfL3Bx5eI409VZSqgND+4UNnmzLVdPj9FqFJNPqBZFve4w==",
      "requires": {
        "glob": "^7.1.3"
      }
    },
    "safe-buffer": {
      "version": "5.2.0",
      "resolved": "https://registry.npmjs.org/safe-buffer/-/safe-buffer-5.2.0.tgz",
      "integrity": "sha512-fZEwUGbVl7kouZs1jCdMLdt95hdIv0ZeHg6L7qPeciMZhZ+/gdesW4wgTARkrFWEpspjEATAzUGPG8N2jJiwbg=="
    },
    "saslprep": {
      "version": "1.0.3",
      "resolved": "https://registry.npmjs.org/saslprep/-/saslprep-1.0.3.tgz",
      "integrity": "sha512-/MY/PEMbk2SuY5sScONwhUDsV2p77Znkb/q3nSVstq/yQzYJOH/Azh29p9oJLsl3LnQwSvZDKagDGBsBwSooag==",
      "optional": true,
      "requires": {
        "sparse-bitfield": "^3.0.3"
      }
    },
    "semver": {
      "version": "5.7.1",
      "resolved": "https://registry.npmjs.org/semver/-/semver-5.7.1.tgz",
      "integrity": "sha512-sauaDf/PZdVgrLTNYHRtpXa1iRiKcaebiKQ1BJdpQlWH2lCvexQdX55snPFyK7QzpudqbCI0qXFfOasHdyNDGQ=="
    },
    "shebang-command": {
      "version": "2.0.0",
      "resolved": "https://registry.npmjs.org/shebang-command/-/shebang-command-2.0.0.tgz",
      "integrity": "sha512-kHxr2zZpYtdmrN1qDjrrX/Z1rR1kG8Dx+gkpK1G4eXmvXswmcE1hTWBWYUzlraYw1/yZp6YuDY77YtvbN0dmDA==",
      "requires": {
        "shebang-regex": "^3.0.0"
      }
    },
    "shebang-regex": {
      "version": "3.0.0",
      "resolved": "https://registry.npmjs.org/shebang-regex/-/shebang-regex-3.0.0.tgz",
      "integrity": "sha512-7++dFhtcx3353uBaq8DDR4NuxBetBzC7ZQOhmTQInHEd6bSrXdiEyzCvG07Z44UYdLShWUyXt5M/yhz8ekcb1A=="
    },
    "signal-exit": {
      "version": "3.0.2",
      "resolved": "https://registry.npmjs.org/signal-exit/-/signal-exit-3.0.2.tgz",
      "integrity": "sha1-tf3AjxKH6hF4Yo5BXiUTK3NkbG0="
    },
    "sparse-bitfield": {
      "version": "3.0.3",
      "resolved": "https://registry.npmjs.org/sparse-bitfield/-/sparse-bitfield-3.0.3.tgz",
      "integrity": "sha1-/0rm5oZWBWuks+eSqzM004JzyhE=",
      "optional": true,
      "requires": {
        "memory-pager": "^1.0.2"
      }
    },
    "string_decoder": {
      "version": "1.1.1",
      "resolved": "https://registry.npmjs.org/string_decoder/-/string_decoder-1.1.1.tgz",
      "integrity": "sha512-n/ShnvDi6FHbbVfviro+WojiFzv+s8MPMHBczVePfUpDJLwoLT0ht1l4YwBCbi8pJAveEEdnkHyPyTP/mzRfwg==",
      "requires": {
        "safe-buffer": "~5.1.0"
      },
      "dependencies": {
        "safe-buffer": {
          "version": "5.1.2",
          "resolved": "https://registry.npmjs.org/safe-buffer/-/safe-buffer-5.1.2.tgz",
          "integrity": "sha512-Gd2UZBJDkXlY7GbJxfsE8/nvKkUEU1G38c1siN6QP6a9PT9MmHB8GnpscSmMJSoF8LOIrt8ud/wPtojys4G6+g=="
        }
      }
    },
    "tar-stream": {
      "version": "2.1.2",
      "resolved": "https://registry.npmjs.org/tar-stream/-/tar-stream-2.1.2.tgz",
      "integrity": "sha512-UaF6FoJ32WqALZGOIAApXx+OdxhekNMChu6axLJR85zMMjXKWFGjbIRe+J6P4UnRGg9rAwWvbTT0oI7hD/Un7Q==",
      "requires": {
        "bl": "^4.0.1",
        "end-of-stream": "^1.4.1",
        "fs-constants": "^1.0.0",
        "inherits": "^2.0.3",
        "readable-stream": "^3.1.1"
      },
      "dependencies": {
        "bl": {
          "version": "4.0.2",
          "resolved": "https://registry.npmjs.org/bl/-/bl-4.0.2.tgz",
          "integrity": "sha512-j4OH8f6Qg2bGuWfRiltT2HYGx0e1QcBTrK9KAHNMwMZdQnDZFk0ZSYIpADjYCB3U12nicC5tVJwSIhwOWjb4RQ==",
          "requires": {
            "buffer": "^5.5.0",
            "inherits": "^2.0.4",
            "readable-stream": "^3.4.0"
          }
        },
        "readable-stream": {
          "version": "3.6.0",
          "resolved": "https://registry.npmjs.org/readable-stream/-/readable-stream-3.6.0.tgz",
          "integrity": "sha512-BViHy7LKeTz4oNnkcLJ+lVSL6vpiFeX6/d3oSH8zCW7UxP2onchk+vTGB143xuFjHS3deTgkKoXXymXqymiIdA==",
          "requires": {
            "inherits": "^2.0.3",
            "string_decoder": "^1.1.1",
            "util-deprecate": "^1.0.1"
          }
        }
      }
    },
    "tmp": {
      "version": "0.1.0",
      "resolved": "https://registry.npmjs.org/tmp/-/tmp-0.1.0.tgz",
      "integrity": "sha512-J7Z2K08jbGcdA1kkQpJSqLF6T0tdQqpR2pnSUXsIchbPdTI9v3e85cLW0d6WDhwuAleOV71j2xWs8qMPfK7nKw==",
      "requires": {
        "rimraf": "^2.6.3"
      }
    },
    "util-deprecate": {
      "version": "1.0.2",
      "resolved": "https://registry.npmjs.org/util-deprecate/-/util-deprecate-1.0.2.tgz",
      "integrity": "sha1-RQ1Nyfpw3nMnYvvS1KKJgUGaDM8="
    },
    "uuid": {
      "version": "7.0.2",
      "resolved": "https://registry.npmjs.org/uuid/-/uuid-7.0.2.tgz",
      "integrity": "sha512-vy9V/+pKG+5ZTYKf+VcphF5Oc6EFiu3W8Nv3P3zIh0EqVI80ZxOzuPfe9EHjkFNvf8+xuTHVeei4Drydlx4zjw=="
    },
    "which": {
      "version": "2.0.2",
      "resolved": "https://registry.npmjs.org/which/-/which-2.0.2.tgz",
      "integrity": "sha512-BLI3Tl1TW3Pvl70l3yq3Y64i+awpwXqsGBYWkkqMtnbXgrMD+yj7rhW0kuEDxzJaYXGjEW5ogapKNMEKNMjibA==",
      "requires": {
        "isexe": "^2.0.0"
      }
    },
    "wrappy": {
      "version": "1.0.2",
      "resolved": "https://registry.npmjs.org/wrappy/-/wrappy-1.0.2.tgz",
      "integrity": "sha1-tSQ9jz7BqjXxNkYFvA0QNuMKtp8="
    },
    "yauzl": {
      "version": "2.10.0",
      "resolved": "https://registry.npmjs.org/yauzl/-/yauzl-2.10.0.tgz",
      "integrity": "sha1-x+sXyT4RLLEIb6bY5R+wZnt5pfk=",
      "requires": {
        "buffer-crc32": "~0.2.3",
        "fd-slicer": "~1.1.0"
      }
    }
  }
}
